
Microsoft Visual Studio Solution File, Format Version 12.00
# Visual Studio Version 16
VisualStudioVersion = 16.0.31205.134
MinimumVisualStudioVersion = 10.0.40219.1
Project("{FAE04EC0-301F-11D3-BF4B-00C04F79EFBC}") = "ewk_server_v2", "ewk_server_v2\ewk_server_v2.csproj", "{3528A16E-BA1A-4051-A1E2-C3AD6DC16464}"
EndProject
Project("{2150E333-8FDC-42A3-9474-1A3956D46DE8}") = ".nuget", ".nuget", "{F8DB4274-FC59-4EEF-B100-9619236F277E}"
	ProjectSection(SolutionItems) = preProject
		.nuget\packages.config = .nuget\packages.config
	EndProjectSection
EndProject
Global
	GlobalSection(SolutionConfigurationPlatforms) = preSolution
		Debug_Ubuntu|Any CPU = Debug_Ubuntu|Any CPU
		Debug|Any CPU = Debug|Any CPU
		Release_Ubuntu|Any CPU = Release_Ubuntu|Any CPU
		Release|Any CPU = Release|Any CPU
	EndGlobalSection
	GlobalSection(ProjectConfigurationPlatforms) = postSolution
		{3528A16E-BA1A-4051-A1E2-C3AD6DC16464}.Debug_Ubuntu|Any CPU.ActiveCfg = Debug|Any CPU
		{3528A16E-BA1A-4051-A1E2-C3AD6DC16464}.Debug_Ubuntu|Any CPU.Build.0 = Debug|Any CPU
		{3528A16E-BA1A-4051-A1E2-C3AD6DC16464}.Debug|Any CPU.ActiveCfg = Debug|Any CPU
		{3528A16E-BA1A-4051-A1E2-C3AD6DC16464}.Debug|Any CPU.Build.0 = Debug|Any CPU
		{3528A16E-BA1A-4051-A1E2-C3AD6DC16464}.Release_Ubuntu|Any CPU.ActiveCfg = Release|Any CPU
		{3528A16E-BA1A-4051-A1E2-C3AD6DC16464}.Release_Ubuntu|Any CPU.Build.0 = Release|Any CPU
		{3528A16E-BA1A-4051-A1E2-C3AD6DC16464}.Release|Any CPU.ActiveCfg = Release|Any CPU
		{3528A16E-BA1A-4051-A1E2-C3AD6DC16464}.Release|Any CPU.Build.0 = Release|Any CPU
	EndGlobalSection
	GlobalSection(SolutionProperties) = preSolution
		HideSolutionNode = FALSE
	EndGlobalSection
	GlobalSection(ExtensibilityGlobals) = postSolution
		SolutionGuid = {61522551-52C3-4A1F-B734-1904325E4E94}
	EndGlobalSection
EndGlobal
